
Microsoft Visual Studio Solution File, Format Version 12.00
# Visual Studio Version 16
VisualStudioVersion = 16.0.28917.182
MinimumVisualStudioVersion = 10.0.40219.1
Project("{9A19103F-16F7-4668-BE54-9A1E7A4F7556}") = "JeffFerguson.Syntactic", "JeffFerguson.Syntactic\JeffFerguson.Syntactic.csproj", "{EFD17370-BC5A-4A07-81B3-A83F7CEE889D}"
EndProject
Project("{FAE04EC0-301F-11D3-BF4B-00C04F79EFBC}") = "UnitTests", "UnitTests\UnitTests.csproj", "{E9DD18A6-A1DE-44F2-B000-6DE4491B3505}"
EndProject
Global
	GlobalSection(SolutionConfigurationPlatforms) = preSolution
		Debug|Any CPU = Debug|Any CPU
		Release|Any CPU = Release|Any CPU
	EndGlobalSection
	GlobalSection(ProjectConfigurationPlatforms) = postSolution
		{EFD17370-BC5A-4A07-81B3-A83F7CEE889D}.Debug|Any CPU.ActiveCfg = Debug|Any CPU
		{EFD17370-BC5A-4A07-81B3-A83F7CEE889D}.Debug|Any CPU.Build.0 = Debug|Any CPU
		{EFD17370-BC5A-4A07-81B3-A83F7CEE889D}.Release|Any CPU.ActiveCfg = Release|Any CPU
		{EFD17370-BC5A-4A07-81B3-A83F7CEE889D}.Release|Any CPU.Build.0 = Release|Any CPU
		{E9DD18A6-A1DE-44F2-B000-6DE4491B3505}.Debug|Any CPU.ActiveCfg = Debug|Any CPU
		{E9DD18A6-A1DE-44F2-B000-6DE4491B3505}.Debug|Any CPU.Build.0 = Debug|Any CPU
		{E9DD18A6-A1DE-44F2-B000-6DE4491B3505}.Release|Any CPU.ActiveCfg = Release|Any CPU
		{E9DD18A6-A1DE-44F2-B000-6DE4491B3505}.Release|Any CPU.Build.0 = Release|Any CPU
	EndGlobalSection
	GlobalSection(SolutionProperties) = preSolution
		HideSolutionNode = FALSE
	EndGlobalSection
	GlobalSection(ExtensibilityGlobals) = postSolution
		SolutionGuid = {E490CB29-A79D-477E-8413-968E2AF07E5B}
	EndGlobalSection
EndGlobal
